
Microsoft Visual Studio Solution File, Format Version 12.00
# Visual Studio 14
VisualStudioVersion = 14.0.23107.0
MinimumVisualStudioVersion = 10.0.40219.1
Project("{FAE04EC0-301F-11D3-BF4B-00C04F79EFBC}") = "Store.Web", "Store\Store.Web.csproj", "{5E7BE1A4-C810-4070-9002-4398C2A98F37}"
EndProject
Project("{FAE04EC0-301F-11D3-BF4B-00C04F79EFBC}") = "Store.Data", "Store.Data\Store.Data.csproj", "{1C84A871-FD22-4F73-B746-3F4518C55A68}"
EndProject
Project("{FAE04EC0-301F-11D3-BF4B-00C04F79EFBC}") = "Store.Core", "Store.Core\Store.Core.csproj", "{5F30F1E7-55A1-4D2C-9EF2-B9F92C6DA363}"
EndProject
Project("{FAE04EC0-301F-11D3-BF4B-00C04F79EFBC}") = "Store.Services", "Store.Services\Store.Services.csproj", "{F79F7293-3566-4D7D-830E-96B51529AB95}"
EndProject
Global
	GlobalSection(SolutionConfigurationPlatforms) = preSolution
		Debug|Any CPU = Debug|Any CPU
		Release|Any CPU = Release|Any CPU
	EndGlobalSection
	GlobalSection(ProjectConfigurationPlatforms) = postSolution
		{5E7BE1A4-C810-4070-9002-4398C2A98F37}.Debug|Any CPU.ActiveCfg = Debug|Any CPU
		{5E7BE1A4-C810-4070-9002-4398C2A98F37}.Debug|Any CPU.Build.0 = Debug|Any CPU
		{5E7BE1A4-C810-4070-9002-4398C2A98F37}.Release|Any CPU.ActiveCfg = Release|Any CPU
		{5E7BE1A4-C810-4070-9002-4398C2A98F37}.Release|Any CPU.Build.0 = Release|Any CPU
		{1C84A871-FD22-4F73-B746-3F4518C55A68}.Debug|Any CPU.ActiveCfg = Debug|Any CPU
		{1C84A871-FD22-4F73-B746-3F4518C55A68}.Debug|Any CPU.Build.0 = Debug|Any CPU
		{1C84A871-FD22-4F73-B746-3F4518C55A68}.Release|Any CPU.ActiveCfg = Release|Any CPU
		{1C84A871-FD22-4F73-B746-3F4518C55A68}.Release|Any CPU.Build.0 = Release|Any CPU
		{5F30F1E7-55A1-4D2C-9EF2-B9F92C6DA363}.Debug|Any CPU.ActiveCfg = Debug|Any CPU
		{5F30F1E7-55A1-4D2C-9EF2-B9F92C6DA363}.Debug|Any CPU.Build.0 = Debug|Any CPU
		{5F30F1E7-55A1-4D2C-9EF2-B9F92C6DA363}.Release|Any CPU.ActiveCfg = Release|Any CPU
		{5F30F1E7-55A1-4D2C-9EF2-B9F92C6DA363}.Release|Any CPU.Build.0 = Release|Any CPU
		{F79F7293-3566-4D7D-830E-96B51529AB95}.Debug|Any CPU.ActiveCfg = Debug|Any CPU
		{F79F7293-3566-4D7D-830E-96B51529AB95}.Debug|Any CPU.Build.0 = Debug|Any CPU
		{F79F7293-3566-4D7D-830E-96B51529AB95}.Release|Any CPU.ActiveCfg = Release|Any CPU
		{F79F7293-3566-4D7D-830E-96B51529AB95}.Release|Any CPU.Build.0 = Release|Any CPU
	EndGlobalSection
	GlobalSection(SolutionProperties) = preSolution
		HideSolutionNode = FALSE
	EndGlobalSection
EndGlobal
